
Microsoft Visual Studio Solution File, Format Version 12.00
# Visual Studio 15
VisualStudioVersion = 15.0.27703.2047
MinimumVisualStudioVersion = 10.0.40219.1
Project("{2150E333-8FDC-42A3-9474-1A3956D46DE8}") = "Solution Items", "Solution Items", "{1EC9B98E-9E9B-48B0-A3B9-E2A6126EF06E}"
	ProjectSection(SolutionItems) = preProject
		vh-core-infra\azuredeploy.json = vh-core-infra\azuredeploy.json
		vh-core-infra\azuredeploy.parameters.json = vh-core-infra\azuredeploy.parameters.json
		README.md = README.md
	EndProjectSection
EndProject
Global
	GlobalSection(SolutionProperties) = preSolution
		HideSolutionNode = FALSE
	EndGlobalSection
	GlobalSection(ExtensibilityGlobals) = postSolution
		SolutionGuid = {755065D5-1E05-46F1-855D-DD7B7A42571A}
	EndGlobalSection
EndGlobal
